
Microsoft Visual Studio Solution File, Format Version 12.00
# Visual Studio Version 17
VisualStudioVersion = 17.13.35825.156 d17.13
MinimumVisualStudioVersion = 10.0.40219.1
Project("{FAE04EC0-301F-11D3-BF4B-00C04F79EFBC}") = "AppInsightsLoggingProviders", "AppInsightsLoggingProviders.csproj", "{0382445D-F130-49BE-837F-2641356333CB}"
EndProject
Global
	GlobalSection(SolutionConfigurationPlatforms) = preSolution
		Debug|Any CPU = Debug|Any CPU
		Release|Any CPU = Release|Any CPU
	EndGlobalSection
	GlobalSection(ProjectConfigurationPlatforms) = postSolution
		{0382445D-F130-49BE-837F-2641356333CB}.Debug|Any CPU.ActiveCfg = Debug|Any CPU
		{0382445D-F130-49BE-837F-2641356333CB}.Debug|Any CPU.Build.0 = Debug|Any CPU
		{0382445D-F130-49BE-837F-2641356333CB}.Release|Any CPU.ActiveCfg = Release|Any CPU
		{0382445D-F130-49BE-837F-2641356333CB}.Release|Any CPU.Build.0 = Release|Any CPU
	EndGlobalSection
	GlobalSection(SolutionProperties) = preSolution
		HideSolutionNode = FALSE
	EndGlobalSection
	GlobalSection(ExtensibilityGlobals) = postSolution
		SolutionGuid = {AF3E0BF8-48DF-46EA-B03D-8CE8E9DC76AF}
	EndGlobalSection
EndGlobal
